{
    "_readme": [
        "This file locks the dependencies of your project to a known state",
        "Read more about it at https://getcomposer.org/doc/01-basic-usage.md#installing-dependencies",
        "This file is @generated automatically"
    ],
    "content-hash": "6bc4bb4daff24967e2c6914dbff60af8",
    "packages": [
        {
            "name": "afterpay-global/afterpay-sdk-php",
            "version": "dev-downgrade-to-api-v1",
            "source": {
                "type": "git",
                "url": "https://github.com/afterpay/sdk-php.git",
                "reference": "c69b1108fa368151d64b83101021094580368b1b"
            },
            "dist": {
                "type": "zip",
                "url": "https://api.github.com/repos/afterpay/sdk-php/zipball/c69b1108fa368151d64b83101021094580368b1b",
                "reference": "c69b1108fa368151d64b83101021094580368b1b",
                "shasum": ""
            },
            "require-dev": {
                "squizlabs/php_codesniffer": "^3.5"
            },
            "type": "library",
            "autoload": {
                "psr-4": {
                    "Afterpay\\SDK\\": [
                        "src"
                    ]
                }
            },
            "notification-url": "https://packagist.org/downloads/",
            "license": [
                "OSL-3.0"
            ],
            "authors": [
                {
                    "name": "Afterpay",
                    "homepage": "https://www.afterpay.com"
                }
            ],
            "description": "Official Afterpay SDK for PHP",
            "support": {
                "issues": "https://github.com/afterpay/sdk-php/issues",
                "source": "https://github.com/afterpay/sdk-php/tree/downgrade-to-api-v1"
            },
            "time": "2020-12-10T08:40:01+00:00"
        }
    ],
    "packages-dev": [],
    "aliases": [],
    "minimum-stability": "dev",
    "stability-flags": {
        "afterpay-global/afterpay-sdk-php": 20
    },
    "prefer-stable": true,
    "prefer-lowest": false,
    "platform": [],
    "platform-dev": [],
    "plugin-api-version": "2.0.0"
}
